
Microsoft Visual Studio Solution File, Format Version 12.00
# Visual Studio 15
VisualStudioVersion = 15.0.28307.779
MinimumVisualStudioVersion = 10.0.40219.1
Project("{FAE04EC0-301F-11D3-BF4B-00C04F79EFBC}") = "md2docx-resharp", "md2docx-resharp\md2docx-resharp.csproj", "{72950720-6E7C-44DC-B2AB-5A01FE4E7D6E}"
EndProject
Global
	GlobalSection(SolutionConfigurationPlatforms) = preSolution
		Debug|Any CPU = Debug|Any CPU
		Release|Any CPU = Release|Any CPU
	EndGlobalSection
	GlobalSection(ProjectConfigurationPlatforms) = postSolution
		{72950720-6E7C-44DC-B2AB-5A01FE4E7D6E}.Debug|Any CPU.ActiveCfg = Debug|Any CPU
		{72950720-6E7C-44DC-B2AB-5A01FE4E7D6E}.Debug|Any CPU.Build.0 = Debug|Any CPU
		{72950720-6E7C-44DC-B2AB-5A01FE4E7D6E}.Release|Any CPU.ActiveCfg = Release|Any CPU
		{72950720-6E7C-44DC-B2AB-5A01FE4E7D6E}.Release|Any CPU.Build.0 = Release|Any CPU
	EndGlobalSection
	GlobalSection(SolutionProperties) = preSolution
		HideSolutionNode = FALSE
	EndGlobalSection
	GlobalSection(ExtensibilityGlobals) = postSolution
		SolutionGuid = {D5C842F0-B382-4BAE-B27D-486667298F14}
	EndGlobalSection
EndGlobal
